<Solution>
  <Project Path="Hermes.Api/Hermes.Api.csproj" Id="e57e63d0-8187-4324-9baa-649d2100391f" />
  <Project Path="Hermes.Application/Hermes.Application.csproj" Id="a6832f07-3d63-4ede-9cbf-132e324cb916" />
  <Project Path="Hermes.Domain/Hermes.Domain.csproj" Id="e6739c6d-c4ae-4d27-b8e7-b88f25d9b676" />
  <Project Path="Hermes.Infrastructure/Hermes.Infrastructure.csproj" Id="8578627b-de54-4b67-9560-6874e62ff396" />
  <Project Path="Hermes.NewsClient/Hermes.NewsClient.csproj" Id="41bd1639-cada-487e-a872-6e63b3814230" />
  <Project Path="Hermes.Notifications/Hermes.Notifications.csproj" Id="92ecb35d-1e79-4353-b2d3-dfd192b7240a" />
  <Project Path="Hermes/Hermes.csproj" />
</Solution>
